
Microsoft Visual Studio Solution File, Format Version 12.00
# Visual Studio Version 16
VisualStudioVersion = 16.0.31112.23
MinimumVisualStudioVersion = 10.0.40219.1
Project("{FAE04EC0-301F-11D3-BF4B-00C04F79EFBC}") = "ConsoleApp1", "ConsoleApp1.csproj", "{3E2011E1-354C-4C9E-9835-61ECD439EFEA}"
EndProject
Global
	GlobalSection(SolutionConfigurationPlatforms) = preSolution
		Debug|Any CPU = Debug|Any CPU
		Release|Any CPU = Release|Any CPU
	EndGlobalSection
	GlobalSection(ProjectConfigurationPlatforms) = postSolution
		{3E2011E1-354C-4C9E-9835-61ECD439EFEA}.Debug|Any CPU.ActiveCfg = Debug|Any CPU
		{3E2011E1-354C-4C9E-9835-61ECD439EFEA}.Debug|Any CPU.Build.0 = Debug|Any CPU
		{3E2011E1-354C-4C9E-9835-61ECD439EFEA}.Release|Any CPU.ActiveCfg = Release|Any CPU
		{3E2011E1-354C-4C9E-9835-61ECD439EFEA}.Release|Any CPU.Build.0 = Release|Any CPU
	EndGlobalSection
	GlobalSection(SolutionProperties) = preSolution
		HideSolutionNode = FALSE
	EndGlobalSection
	GlobalSection(ExtensibilityGlobals) = postSolution
		SolutionGuid = {F59BB13E-92FC-4CCC-890F-D8F1EDB0DBD9}
	EndGlobalSection
EndGlobal
